
Microsoft Visual Studio Solution File, Format Version 12.00
# Visual Studio Version 16
VisualStudioVersion = 16.0.31205.134
MinimumVisualStudioVersion = 10.0.40219.1
Project("{FAE04EC0-301F-11D3-BF4B-00C04F79EFBC}") = "MolPortTask", "MolPortTask\MolPortTask.csproj", "{43BE518A-CAE6-450C-97BC-A8414763BE35}"
EndProject
Global
	GlobalSection(SolutionConfigurationPlatforms) = preSolution
		Debug|Any CPU = Debug|Any CPU
		Release|Any CPU = Release|Any CPU
	EndGlobalSection
	GlobalSection(ProjectConfigurationPlatforms) = postSolution
		{43BE518A-CAE6-450C-97BC-A8414763BE35}.Debug|Any CPU.ActiveCfg = Debug|Any CPU
		{43BE518A-CAE6-450C-97BC-A8414763BE35}.Debug|Any CPU.Build.0 = Debug|Any CPU
		{43BE518A-CAE6-450C-97BC-A8414763BE35}.Release|Any CPU.ActiveCfg = Release|Any CPU
		{43BE518A-CAE6-450C-97BC-A8414763BE35}.Release|Any CPU.Build.0 = Release|Any CPU
	EndGlobalSection
	GlobalSection(SolutionProperties) = preSolution
		HideSolutionNode = FALSE
	EndGlobalSection
	GlobalSection(ExtensibilityGlobals) = postSolution
		SolutionGuid = {CE982C15-2F01-443D-988B-B8092B7B11C3}
	EndGlobalSection
EndGlobal
